
Microsoft Visual Studio Solution File, Format Version 12.00
# Visual Studio Version 17
VisualStudioVersion = 17.8.34525.116
MinimumVisualStudioVersion = 10.0.40219.1
Project("{FAE04EC0-301F-11D3-BF4B-00C04F79EFBC}") = "SocailMediaApp", "SocailMediaApp.csproj", "{343DF589-1075-468D-91ED-8B81FC7EE3D9}"
EndProject
Global
	GlobalSection(SolutionConfigurationPlatforms) = preSolution
		Debug|Any CPU = Debug|Any CPU
		Release|Any CPU = Release|Any CPU
	EndGlobalSection
	GlobalSection(ProjectConfigurationPlatforms) = postSolution
		{343DF589-1075-468D-91ED-8B81FC7EE3D9}.Debug|Any CPU.ActiveCfg = Debug|Any CPU
		{343DF589-1075-468D-91ED-8B81FC7EE3D9}.Debug|Any CPU.Build.0 = Debug|Any CPU
		{343DF589-1075-468D-91ED-8B81FC7EE3D9}.Release|Any CPU.ActiveCfg = Release|Any CPU
		{343DF589-1075-468D-91ED-8B81FC7EE3D9}.Release|Any CPU.Build.0 = Release|Any CPU
	EndGlobalSection
	GlobalSection(SolutionProperties) = preSolution
		HideSolutionNode = FALSE
	EndGlobalSection
	GlobalSection(ExtensibilityGlobals) = postSolution
		SolutionGuid = {EE3BB9BC-66E2-4483-8D57-7C228CC06275}
	EndGlobalSection
EndGlobal
